
Microsoft Visual Studio Solution File, Format Version 12.00
# Visual Studio Version 16
VisualStudioVersion = 16.0.29418.71
MinimumVisualStudioVersion = 10.0.40219.1
Project("{FAE04EC0-301F-11D3-BF4B-00C04F79EFBC}") = "StoreEducation", "StoreEducation\StoreEducation.csproj", "{9560D406-EB22-4B28-8916-81110E3A794F}"
EndProject
Project("{FAE04EC0-301F-11D3-BF4B-00C04F79EFBC}") = "DataLayer", "DataLayer\DataLayer.csproj", "{5D519F17-E500-4BD2-BF9C-44A47E80CD9B}"
EndProject
Project("{FAE04EC0-301F-11D3-BF4B-00C04F79EFBC}") = "BusinessLayer", "BusinessLayer\BusinessLayer.csproj", "{37706CA6-92FD-462F-8148-7364D4F3FA76}"
EndProject
Global
	GlobalSection(SolutionConfigurationPlatforms) = preSolution
		Debug|Any CPU = Debug|Any CPU
		Release|Any CPU = Release|Any CPU
	EndGlobalSection
	GlobalSection(ProjectConfigurationPlatforms) = postSolution
		{9560D406-EB22-4B28-8916-81110E3A794F}.Debug|Any CPU.ActiveCfg = Debug|Any CPU
		{9560D406-EB22-4B28-8916-81110E3A794F}.Debug|Any CPU.Build.0 = Debug|Any CPU
		{9560D406-EB22-4B28-8916-81110E3A794F}.Release|Any CPU.ActiveCfg = Release|Any CPU
		{9560D406-EB22-4B28-8916-81110E3A794F}.Release|Any CPU.Build.0 = Release|Any CPU
		{5D519F17-E500-4BD2-BF9C-44A47E80CD9B}.Debug|Any CPU.ActiveCfg = Debug|Any CPU
		{5D519F17-E500-4BD2-BF9C-44A47E80CD9B}.Debug|Any CPU.Build.0 = Debug|Any CPU
		{5D519F17-E500-4BD2-BF9C-44A47E80CD9B}.Release|Any CPU.ActiveCfg = Release|Any CPU
		{5D519F17-E500-4BD2-BF9C-44A47E80CD9B}.Release|Any CPU.Build.0 = Release|Any CPU
		{37706CA6-92FD-462F-8148-7364D4F3FA76}.Debug|Any CPU.ActiveCfg = Debug|Any CPU
		{37706CA6-92FD-462F-8148-7364D4F3FA76}.Debug|Any CPU.Build.0 = Debug|Any CPU
		{37706CA6-92FD-462F-8148-7364D4F3FA76}.Release|Any CPU.ActiveCfg = Release|Any CPU
		{37706CA6-92FD-462F-8148-7364D4F3FA76}.Release|Any CPU.Build.0 = Release|Any CPU
	EndGlobalSection
	GlobalSection(SolutionProperties) = preSolution
		HideSolutionNode = FALSE
	EndGlobalSection
	GlobalSection(ExtensibilityGlobals) = postSolution
		SolutionGuid = {CEE55D54-09E5-40A4-B99B-DD5CC0483B4A}
	EndGlobalSection
EndGlobal
